
Microsoft Visual Studio Solution File, Format Version 12.00
# Visual Studio Version 17
VisualStudioVersion = 17.14.36401.2 d17.14
MinimumVisualStudioVersion = 10.0.40219.1
Project("{F184B08F-C81C-45F6-A57F-5ABD9991F28F}") = "MA_Solution", "MA_Solution.vbproj", "{AC13E5A3-0CBE-4B6B-B6A8-A60FEA24ED7F}"
EndProject
Global
	GlobalSection(SolutionConfigurationPlatforms) = preSolution
		Debug|Any CPU = Debug|Any CPU
		Release|Any CPU = Release|Any CPU
	EndGlobalSection
	GlobalSection(ProjectConfigurationPlatforms) = postSolution
		{AC13E5A3-0CBE-4B6B-B6A8-A60FEA24ED7F}.Debug|Any CPU.ActiveCfg = Debug|Any CPU
		{AC13E5A3-0CBE-4B6B-B6A8-A60FEA24ED7F}.Debug|Any CPU.Build.0 = Debug|Any CPU
		{AC13E5A3-0CBE-4B6B-B6A8-A60FEA24ED7F}.Release|Any CPU.ActiveCfg = Release|Any CPU
		{AC13E5A3-0CBE-4B6B-B6A8-A60FEA24ED7F}.Release|Any CPU.Build.0 = Release|Any CPU
	EndGlobalSection
	GlobalSection(SolutionProperties) = preSolution
		HideSolutionNode = FALSE
	EndGlobalSection
	GlobalSection(ExtensibilityGlobals) = postSolution
		SolutionGuid = {2F99A781-3202-40A9-A432-B15FD17FD5C1}
	EndGlobalSection
EndGlobal
